// !$*UTF8*$!
{
	archiveVersion = 1;
	classes = {
	};
	objectVersion = 55;
	objects = {

/* Begin PBXBuildFile section */
		8930CD2B27AE41FF0030FFE7 /* AppDelegate.swift in Sources */ = {isa = PBXBuildFile; fileRef = 8930CD2A27AE41FF0030FFE7 /* AppDelegate.swift */; };
		8930CD2F27AE41FF0030FFE7 /* ViewController.swift in Sources */ = {isa = PBXBuildFile; fileRef = 8930CD2E27AE41FF0030FFE7 /* ViewController.swift */; };
		8930CD3227AE41FF0030FFE7 /* Main.storyboard in Resources */ = {isa = PBXBuildFile; fileRef = 8930CD3027AE41FF0030FFE7 /* Main.storyboard */; };
		8930CD3427AE42010030FFE7 /* Assets.xcassets in Resources */ = {isa = PBXBuildFile; fileRef = 8930CD3327AE42010030FFE7 /* Assets.xcassets */; };
		8930CD3727AE42010030FFE7 /* LaunchScreen.storyboard in Resources */ = {isa = PBXBuildFile; fileRef = 8930CD3527AE42010030FFE7 /* LaunchScreen.storyboard */; };
		8930CD4027AE46840030FFE7 /* UIView+Secure.swift in Sources */ = {isa = PBXBuildFile; fileRef = 8930CD3F27AE46840030FFE7 /* UIView+Secure.swift */; };
		8930CD4527AED50A0030FFE7 /* bike.mp4 in Resources */ = {isa = PBXBuildFile; fileRef = 8930CD4327AED50A0030FFE7 /* bike.mp4 */; };
/* End PBXBuildFile section */

/* Begin PBXFileReference section */
		8930CD2727AE41FE0030FFE7 /* SecureScreen.app */ = {isa = PBXFileReference; explicitFileType = wrapper.application; includeInIndex = 0; path = SecureScreen.app; sourceTree = BUILT_PRODUCTS_DIR; };
		8930CD2A27AE41FF0030FFE7 /* AppDelegate.swift */ = {isa = PBXFileReference; lastKnownFileType = sourcecode.swift; path = AppDelegate.swift; sourceTree = "<group>"; };
		8930CD2E27AE41FF0030FFE7 /* ViewController.swift */ = {isa = PBXFileReference; lastKnownFileType = sourcecode.swift; path = ViewController.swift; sourceTree = "<group>"; };
		8930CD3127AE41FF0030FFE7 /* Base */ = {isa = PBXFileReference; lastKnownFileType = file.storyboard; name = Base; path = Base.lproj/Main.storyboard; sourceTree = "<group>"; };
		8930CD3327AE42010030FFE7 /* Assets.xcassets */ = {isa = PBXFileReference; lastKnownFileType = folder.assetcatalog; path = Assets.xcassets; sourceTree = "<group>"; };
		8930CD3627AE42010030FFE7 /* Base */ = {isa = PBXFileReference; lastKnownFileType = file.storyboard; name = Base; path = Base.lproj/LaunchScreen.storyboard; sourceTree = "<group>"; };
		8930CD3827AE42010030FFE7 /* Info.plist */ = {isa = PBXFileReference; lastKnownFileType = text.plist.xml; path = Info.plist; sourceTree = "<group>"; };
		8930CD3F27AE46840030FFE7 /* UIView+Secure.swift */ = {isa = PBXFileReference; lastKnownFileType = sourcecode.swift; path = "UIView+Secure.swift"; sourceTree = "<group>"; };
		8930CD4327AED50A0030FFE7 /* bike.mp4 */ = {isa = PBXFileReference; lastKnownFileType = file; path = bike.mp4; sourceTree = "<group>"; };
/* End PBXFileReference section */

/* Begin PBXFrameworksBuildPhase section */
		8930CD2427AE41FE0030FFE7 /* Frameworks */ = {
			isa = PBXFrameworksBuildPhase;
			buildActionMask = 2147483647;
			files = (
			);
			runOnlyForDeploymentPostprocessing = 0;
		};
/* End PBXFrameworksBuildPhase section */

/* Begin PBXGroup section */
		8930CD1E27AE41FE0030FFE7 = {
			isa = PBXGroup;
			children = (
				8930CD2927AE41FE0030FFE7 /* SecureScreen */,
				8930CD2827AE41FE0030FFE7 /* Products */,
			);
			sourceTree = "<group>";
		};
		8930CD2827AE41FE0030FFE7 /* Products */ = {
			isa = PBXGroup;
			children = (
				8930CD2727AE41FE0030FFE7 /* SecureScreen.app */,
			);
			name = Products;
			sourceTree = "<group>";
		};
		8930CD2927AE41FE0030FFE7 /* SecureScreen */ = {
			isa = PBXGroup;
			children = (
				8930CD4227AED16F0030FFE7 /* resources */,
				8930CD3E27AE46740030FFE7 /* extensions */,
				8930CD2A27AE41FF0030FFE7 /* AppDelegate.swift */,
				8930CD2E27AE41FF0030FFE7 /* ViewController.swift */,
				8930CD3027AE41FF0030FFE7 /* Main.storyboard */,
				8930CD3327AE42010030FFE7 /* Assets.xcassets */,
				8930CD3527AE42010030FFE7 /* LaunchScreen.storyboard */,
				8930CD3827AE42010030FFE7 /* Info.plist */,
			);
			path = SecureScreen;
			sourceTree = "<group>";
		};
		8930CD3E27AE46740030FFE7 /* extensions */ = {
			isa = PBXGroup;
			children = (
				8930CD3F27AE46840030FFE7 /* UIView+Secure.swift */,
			);
			path = extensions;
			sourceTree = "<group>";
		};
		8930CD4227AED16F0030FFE7 /* resources */ = {
			isa = PBXGroup;
			children = (
				8930CD4327AED50A0030FFE7 /* bike.mp4 */,
			);
			path = resources;
			sourceTree = "<group>";
		};
/* End PBXGroup section */

/* Begin PBXNativeTarget section */
		8930CD2627AE41FE0030FFE7 /* SecureScreen */ = {
			isa = PBXNativeTarget;
			buildConfigurationList = 8930CD3B27AE42010030FFE7 /* Build configuration list for PBXNativeTarget "SecureScreen" */;
			buildPhases = (
				8930CD2327AE41FE0030FFE7 /* Sources */,
				8930CD2427AE41FE0030FFE7 /* Frameworks */,
				8930CD2527AE41FE0030FFE7 /* Resources */,
			);
			buildRules = (
			);
			dependencies = (
			);
			name = SecureScreen;
			productName = SecureScreen;
			productReference = 8930CD2727AE41FE0030FFE7 /* SecureScreen.app */;
			productType = "com.apple.product-type.application";
		};
/* End PBXNativeTarget section */

/* Begin PBXProject section */
		8930CD1F27AE41FE0030FFE7 /* Project object */ = {
			isa = PBXProject;
			attributes = {
				BuildIndependentTargetsInParallel = 1;
				LastSwiftUpdateCheck = 1310;
				LastUpgradeCheck = 1310;
				TargetAttributes = {
					8930CD2627AE41FE0030FFE7 = {
						CreatedOnToolsVersion = 13.1;
					};
				};
			};
			buildConfigurationList = 8930CD2227AE41FE0030FFE7 /* Build configuration list for PBXProject "SecureScreen" */;
			compatibilityVersion = "Xcode 13.0";
			developmentRegion = en;
			hasScannedForEncodings = 0;
			knownRegions = (
				en,
				Base,
			);
			mainGroup = 8930CD1E27AE41FE0030FFE7;
			productRefGroup = 8930CD2827AE41FE0030FFE7 /* Products */;
			projectDirPath = "";
			projectRoot = "";
			targets = (
				8930CD2627AE41FE0030FFE7 /* SecureScreen */,
			);
		};
/* End PBXProject section */

/* Begin PBXResourcesBuildPhase section */
		8930CD2527AE41FE0030FFE7 /* Resources */ = {
			isa = PBXResourcesBuildPhase;
			buildActionMask = 2147483647;
			files = (
				8930CD3727AE42010030FFE7 /* LaunchScreen.storyboard in Resources */,
				8930CD3427AE42010030FFE7 /* Assets.xcassets in Resources */,
				8930CD4527AED50A0030FFE7 /* bike.mp4 in Resources */,
				8930CD3227AE41FF0030FFE7 /* Main.storyboard in Resources */,
			);
			runOnlyForDeploymentPostprocessing = 0;
		};
/* End PBXResourcesBuildPhase section */

/* Begin PBXSourcesBuildPhase section */
		8930CD2327AE41FE0030FFE7 /* Sources */ = {
			isa = PBXSourcesBuildPhase;
			buildActionMask = 2147483647;
			files = (
				8930CD2F27AE41FF0030FFE7 /* ViewController.swift in Sources */,
				8930CD4027AE46840030FFE7 /* UIView+Secure.swift in Sources */,
				8930CD2B27AE41FF0030FFE7 /* AppDelegate.swift in Sources */,
			);
			runOnlyForDeploymentPostprocessing = 0;
		};
/* End PBXSourcesBuildPhase section */

/* Begin PBXVariantGroup section */
		8930CD3027AE41FF0030FFE7 /* Main.storyboard */ = {
			isa = PBXVariantGroup;
			children = (
				8930CD3127AE41FF0030FFE7 /* Base */,
			);
			name = Main.storyboard;
			sourceTree = "<group>";
		};
		8930CD3527AE42010030FFE7 /* LaunchScreen.storyboard */ = {
			isa = PBXVariantGroup;
			children = (
				8930CD3627AE42010030FFE7 /* Base */,
			);
			name = LaunchScreen.storyboard;
			sourceTree = "<group>";
		};
/* End PBXVariantGroup section */

/* Begin XCBuildConfiguration section */
		8930CD3927AE42010030FFE7 /* Debug */ = {
			isa = XCBuildConfiguration;
			buildSettings = {
				ALWAYS_SEARCH_USER_PATHS = NO;
				CLANG_ANALYZER_NONNULL = YES;
				CLANG_ANALYZER_NUMBER_OBJECT_CONVERSION = YES_AGGRESSIVE;
				CLANG_CXX_LANGUAGE_STANDARD = "gnu++17";
				CLANG_CXX_LIBRARY = "libc++";
				CLANG_ENABLE_MODULES = YES;
				CLANG_ENABLE_OBJC_ARC = YES;
				CLANG_ENABLE_OBJC_WEAK = YES;
				CLANG_WARN_BLOCK_CAPTURE_AUTORELEASING = YES;
				CLANG_WARN_BOOL_CONVERSION = YES;
				CLANG_WARN_COMMA = YES;
				CLANG_WARN_CONSTANT_CONVERSION = YES;
				CLANG_WARN_DEPRECATED_OBJC_IMPLEMENTATIONS = YES;
				CLANG_WARN_DIRECT_OBJC_ISA_USAGE = YES_ERROR;
				CLANG_WARN_DOCUMENTATION_COMMENTS = YES;
				CLANG_WARN_EMPTY_BODY = YES;
				CLANG_WARN_ENUM_CONVERSION = YES;
				CLANG_WARN_INFINITE_RECURSION = YES;
				CLANG_WARN_INT_CONVERSION = YES;
				CLANG_WARN_NON_LITERAL_NULL_CONVERSION = YES;
				CLANG_WARN_OBJC_IMPLICIT_RETAIN_SELF = YES;
				CLANG_WARN_OBJC_LITERAL_CONVERSION = YES;
				CLANG_WARN_OBJC_ROOT_CLASS = YES_ERROR;
				CLANG_WARN_QUOTED_INCLUDE_IN_FRAMEWORK_HEADER = YES;
				CLANG_WARN_RANGE_LOOP_ANALYSIS = YES;
				CLANG_WARN_STRICT_PROTOTYPES = YES;
				CLANG_WARN_SUSPICIOUS_MOVE = YES;
				CLANG_WARN_UNGUARDED_AVAILABILITY = YES_AGGRESSIVE;
				CLANG_WARN_UNREACHABLE_CODE = YES;
				CLANG_WARN__DUPLICATE_METHOD_MATCH = YES;
				COPY_PHASE_STRIP = NO;
				DEBUG_INFORMATION_FORMAT = dwarf;
				ENABLE_STRICT_OBJC_MSGSEND = YES;
				ENABLE_TESTABILITY = YES;
				GCC_C_LANGUAGE_STANDARD = gnu11;
				GCC_DYNAMIC_NO_PIC = NO;
				GCC_NO_COMMON_BLOCKS = YES;
				GCC_OPTIMIZATION_LEVEL = 0;
				GCC_PREPROCESSOR_DEFINITIONS = (
					"DEBUG=1",
					"$(inherited)",
				);
				GCC_WARN_64_TO_32_BIT_CONVERSION = YES;
				GCC_WARN_ABOUT_RETURN_TYPE = YES_ERROR;
				GCC_WARN_UNDECLARED_SELECTOR = YES;
				GCC_WARN_UNINITIALIZED_AUTOS = YES_AGGRESSIVE;
				GCC_WARN_UNUSED_FUNCTION = YES;
				GCC_WARN_UNUSED_VARIABLE = YES;
				IPHONEOS_DEPLOYMENT_TARGET = 12.0;
				MTL_ENABLE_DEBUG_INFO = INCLUDE_SOURCE;
				MTL_FAST_MATH = YES;
				ONLY_ACTIVE_ARCH = YES;
				SDKROOT = iphoneos;
				SWIFT_ACTIVE_COMPILATION_CONDITIONS = DEBUG;
				SWIFT_OPTIMIZATION_LEVEL = "-Onone";
			};
			name = Debug;
		};
		8930CD3A27AE42010030FFE7 /* Release */ = {
			isa = XCBuildConfiguration;
			buildSettings = {
				ALWAYS_SEARCH_USER_PATHS = NO;
				CLANG_ANALYZER_NONNULL = YES;
				CLANG_ANALYZER_NUMBER_OBJECT_CONVERSION = YES_AGGRESSIVE;
				CLANG_CXX_LANGUAGE_STANDARD = "gnu++17";
				CLANG_CXX_LIBRARY = "libc++";
				CLANG_ENABLE_MODULES = YES;
				CLANG_ENABLE_OBJC_ARC = YES;
				CLANG_ENABLE_OBJC_WEAK = YES;
				CLANG_WARN_BLOCK_CAPTURE_AUTORELEASING = YES;
				CLANG_WARN_BOOL_CONVERSION = YES;
				CLANG_WARN_COMMA = YES;
				CLANG_WARN_CONSTANT_CONVERSION = YES;
				CLANG_WARN_DEPRECATED_OBJC_IMPLEMENTATIONS = YES;
				CLANG_WARN_DIRECT_OBJC_ISA_USAGE = YES_ERROR;
				CLANG_WARN_DOCUMENTATION_COMMENTS = YES;
				CLANG_WARN_EMPTY_BODY = YES;
				CLANG_WARN_ENUM_CONVERSION = YES;
				CLANG_WARN_INFINITE_RECURSION = YES;
				CLANG_WARN_INT_CONVERSION = YES;
				CLANG_WARN_NON_LITERAL_NULL_CONVERSION = YES;
				CLANG_WARN_OBJC_IMPLICIT_RETAIN_SELF = YES;
				CLANG_WARN_OBJC_LITERAL_CONVERSION = YES;
				CLANG_WARN_OBJC_ROOT_CLASS = YES_ERROR;
				CLANG_WARN_QUOTED_INCLUDE_IN_FRAMEWORK_HEADER = YES;
				CLANG_WARN_RANGE_LOOP_ANALYSIS = YES;
				CLANG_WARN_STRICT_PROTOTYPES = YES;
				CLANG_WARN_SUSPICIOUS_MOVE = YES;
				CLANG_WARN_UNGUARDED_AVAILABILITY = YES_AGGRESSIVE;
				CLANG_WARN_UNREACHABLE_CODE = YES;
				CLANG_WARN__DUPLICATE_METHOD_MATCH = YES;
				COPY_PHASE_STRIP = NO;
				DEBUG_INFORMATION_FORMAT = "dwarf-with-dsym";
				ENABLE_NS_ASSERTIONS = NO;
				ENABLE_STRICT_OBJC_MSGSEND = YES;
				GCC_C_LANGUAGE_STANDARD = gnu11;
				GCC_NO_COMMON_BLOCKS = YES;
				GCC_WARN_64_TO_32_BIT_CONVERSION = YES;
				GCC_WARN_ABOUT_RETURN_TYPE = YES_ERROR;
				GCC_WARN_UNDECLARED_SELECTOR = YES;
				GCC_WARN_UNINITIALIZED_AUTOS = YES_AGGRESSIVE;
				GCC_WARN_UNUSED_FUNCTION = YES;
				GCC_WARN_UNUSED_VARIABLE = YES;
				IPHONEOS_DEPLOYMENT_TARGET = 12.0;
				MTL_ENABLE_DEBUG_INFO = NO;
				MTL_FAST_MATH = YES;
				SDKROOT = iphoneos;
				SWIFT_COMPILATION_MODE = wholemodule;
				SWIFT_OPTIMIZATION_LEVEL = "-O";
				VALIDATE_PRODUCT = YES;
			};
			name = Release;
		};
		8930CD3C27AE42010030FFE7 /* Debug */ = {
			isa = XCBuildConfiguration;
			buildSettings = {
				ASSETCATALOG_COMPILER_APPICON_NAME = AppIcon;
				ASSETCATALOG_COMPILER_GLOBAL_ACCENT_COLOR_NAME = AccentColor;
				CODE_SIGN_STYLE = Automatic;
				CURRENT_PROJECT_VERSION = 1;
				DEVELOPMENT_TEAM = 4W2S76QM7F;
				GENERATE_INFOPLIST_FILE = YES;
				INFOPLIST_FILE = SecureScreen/Info.plist;
				INFOPLIST_KEY_UIApplicationSupportsIndirectInputEvents = YES;
				INFOPLIST_KEY_UILaunchStoryboardName = LaunchScreen;
				INFOPLIST_KEY_UIMainStoryboardFile = Main;
				INFOPLIST_KEY_UISupportedInterfaceOrientations_iPad = "UIInterfaceOrientationPortrait UIInterfaceOrientationPortraitUpsideDown UIInterfaceOrientationLandscapeLeft UIInterfaceOrientationLandscapeRight";
				INFOPLIST_KEY_UISupportedInterfaceOrientations_iPhone = "UIInterfaceOrientationPortrait UIInterfaceOrientationLandscapeLeft UIInterfaceOrientationLandscapeRight";
				LD_RUNPATH_SEARCH_PATHS = (
					"$(inherited)",
					"@executable_path/Frameworks",
				);
				MARKETING_VERSION = 1.0.0;
				PRODUCT_BUNDLE_IDENTIFIER = "j.m.secure-screen";
				PRODUCT_NAME = "$(TARGET_NAME)";
				SWIFT_EMIT_LOC_STRINGS = YES;
				SWIFT_VERSION = 5.0;
				TARGETED_DEVICE_FAMILY = 1;
			};
			name = Debug;
		};
		8930CD3D27AE42010030FFE7 /* Release */ = {
			isa = XCBuildConfiguration;
			buildSettings = {
				ASSETCATALOG_COMPILER_APPICON_NAME = AppIcon;
				ASSETCATALOG_COMPILER_GLOBAL_ACCENT_COLOR_NAME = AccentColor;
				CODE_SIGN_STYLE = Automatic;
				CURRENT_PROJECT_VERSION = 1;
				DEVELOPMENT_TEAM = 4W2S76QM7F;
				GENERATE_INFOPLIST_FILE = YES;
				INFOPLIST_FILE = SecureScreen/Info.plist;
				INFOPLIST_KEY_UIApplicationSupportsIndirectInputEvents = YES;
				INFOPLIST_KEY_UILaunchStoryboardName = LaunchScreen;
				INFOPLIST_KEY_UIMainStoryboardFile = Main;
				INFOPLIST_KEY_UISupportedInterfaceOrientations_iPad = "UIInterfaceOrientationPortrait UIInterfaceOrientationPortraitUpsideDown UIInterfaceOrientationLandscapeLeft UIInterfaceOrientationLandscapeRight";
				INFOPLIST_KEY_UISupportedInterfaceOrientations_iPhone = "UIInterfaceOrientationPortrait UIInterfaceOrientationLandscapeLeft UIInterfaceOrientationLandscapeRight";
				LD_RUNPATH_SEARCH_PATHS = (
					"$(inherited)",
					"@executable_path/Frameworks",
				);
				MARKETING_VERSION = 1.0.0;
				PRODUCT_BUNDLE_IDENTIFIER = "j.m.secure-screen";
				PRODUCT_NAME = "$(TARGET_NAME)";
				SWIFT_EMIT_LOC_STRINGS = YES;
				SWIFT_VERSION = 5.0;
				TARGETED_DEVICE_FAMILY = 1;
			};
			name = Release;
		};
/* End XCBuildConfiguration section */

/* Begin XCConfigurationList section */
		8930CD2227AE41FE0030FFE7 /* Build configuration list for PBXProject "SecureScreen" */ = {
			isa = XCConfigurationList;
			buildConfigurations = (
				8930CD3927AE42010030FFE7 /* Debug */,
				8930CD3A27AE42010030FFE7 /* Release */,
			);
			defaultConfigurationIsVisible = 0;
			defaultConfigurationName = Release;
		};
		8930CD3B27AE42010030FFE7 /* Build configuration list for PBXNativeTarget "SecureScreen" */ = {
			isa = XCConfigurationList;
			buildConfigurations = (
				8930CD3C27AE42010030FFE7 /* Debug */,
				8930CD3D27AE42010030FFE7 /* Release */,
			);
			defaultConfigurationIsVisible = 0;
			defaultConfigurationName = Release;
		};
/* End XCConfigurationList section */
	};
	rootObject = 8930CD1F27AE41FE0030FFE7 /* Project object */;
}
